
Microsoft Visual Studio Solution File, Format Version 12.00
# Visual Studio Version 17
VisualStudioVersion = 17.10.34707.107
MinimumVisualStudioVersion = 10.0.40219.1
Project("{FAE04EC0-301F-11D3-BF4B-00C04F79EFBC}") = "Module7.Final", "Module7.Final\Module7.Final.csproj", "{51278416-B886-48D2-AC9A-BAB233E38E2B}"
EndProject
Global
	GlobalSection(SolutionConfigurationPlatforms) = preSolution
		Debug|Any CPU = Debug|Any CPU
		Release|Any CPU = Release|Any CPU
	EndGlobalSection
	GlobalSection(ProjectConfigurationPlatforms) = postSolution
		{51278416-B886-48D2-AC9A-BAB233E38E2B}.Debug|Any CPU.ActiveCfg = Debug|Any CPU
		{51278416-B886-48D2-AC9A-BAB233E38E2B}.Debug|Any CPU.Build.0 = Debug|Any CPU
		{51278416-B886-48D2-AC9A-BAB233E38E2B}.Release|Any CPU.ActiveCfg = Release|Any CPU
		{51278416-B886-48D2-AC9A-BAB233E38E2B}.Release|Any CPU.Build.0 = Release|Any CPU
	EndGlobalSection
	GlobalSection(SolutionProperties) = preSolution
		HideSolutionNode = FALSE
	EndGlobalSection
	GlobalSection(ExtensibilityGlobals) = postSolution
		SolutionGuid = {0B39CA51-7874-48ED-83C8-91802B9A7518}
	EndGlobalSection
EndGlobal
